
Microsoft Visual Studio Solution File, Format Version 12.00
# Visual Studio 15
VisualStudioVersion = 15.0.28307.705
MinimumVisualStudioVersion = 10.0.40219.1
Project("{FAE04EC0-301F-11D3-BF4B-00C04F79EFBC}") = "MVC(VISTA)", "MVC(VISTA)\MVC(VISTA).csproj", "{EDCEF71B-2AED-4F7E-A2AF-CD8B8C3813D9}"
EndProject
Project("{FAE04EC0-301F-11D3-BF4B-00C04F79EFBC}") = "Modelo", "Modelo\Modelo.csproj", "{550750A7-E534-4D46-B9D3-B11B0619E828}"
EndProject
Project("{FAE04EC0-301F-11D3-BF4B-00C04F79EFBC}") = "Controlador", "Controlador\Controlador.csproj", "{5CB50AC9-1087-42D2-A7B9-DFA8E3AC89D8}"
EndProject
Global
	GlobalSection(SolutionConfigurationPlatforms) = preSolution
		Debug|Any CPU = Debug|Any CPU
		Release|Any CPU = Release|Any CPU
	EndGlobalSection
	GlobalSection(ProjectConfigurationPlatforms) = postSolution
		{EDCEF71B-2AED-4F7E-A2AF-CD8B8C3813D9}.Debug|Any CPU.ActiveCfg = Debug|Any CPU
		{EDCEF71B-2AED-4F7E-A2AF-CD8B8C3813D9}.Debug|Any CPU.Build.0 = Debug|Any CPU
		{EDCEF71B-2AED-4F7E-A2AF-CD8B8C3813D9}.Release|Any CPU.ActiveCfg = Release|Any CPU
		{EDCEF71B-2AED-4F7E-A2AF-CD8B8C3813D9}.Release|Any CPU.Build.0 = Release|Any CPU
		{550750A7-E534-4D46-B9D3-B11B0619E828}.Debug|Any CPU.ActiveCfg = Debug|Any CPU
		{550750A7-E534-4D46-B9D3-B11B0619E828}.Debug|Any CPU.Build.0 = Debug|Any CPU
		{550750A7-E534-4D46-B9D3-B11B0619E828}.Release|Any CPU.ActiveCfg = Release|Any CPU
		{550750A7-E534-4D46-B9D3-B11B0619E828}.Release|Any CPU.Build.0 = Release|Any CPU
		{5CB50AC9-1087-42D2-A7B9-DFA8E3AC89D8}.Debug|Any CPU.ActiveCfg = Debug|Any CPU
		{5CB50AC9-1087-42D2-A7B9-DFA8E3AC89D8}.Debug|Any CPU.Build.0 = Debug|Any CPU
		{5CB50AC9-1087-42D2-A7B9-DFA8E3AC89D8}.Release|Any CPU.ActiveCfg = Release|Any CPU
		{5CB50AC9-1087-42D2-A7B9-DFA8E3AC89D8}.Release|Any CPU.Build.0 = Release|Any CPU
	EndGlobalSection
	GlobalSection(SolutionProperties) = preSolution
		HideSolutionNode = FALSE
	EndGlobalSection
	GlobalSection(ExtensibilityGlobals) = postSolution
		SolutionGuid = {0D68DCC6-F540-433F-9E75-AA1DEAB92373}
	EndGlobalSection
EndGlobal
